
Microsoft Visual Studio Solution File, Format Version 12.00
# Visual Studio Version 17
VisualStudioVersion = 17.3.32901.215
MinimumVisualStudioVersion = 10.0.40219.1
Project("{9A19103F-16F7-4668-BE54-9A1E7A4F7556}") = "main", "main.csproj", "{9D851A6E-EE95-4AEE-8131-49F9BCF3E211}"
EndProject
Project("{9A19103F-16F7-4668-BE54-9A1E7A4F7556}") = "database", "..\database\database.csproj", "{B6231CC7-F282-4F01-92D7-55696C11D385}"
EndProject
Project("{2150E333-8FDC-42A3-9474-1A3956D46DE8}") = "Solution Items", "Solution Items", "{51A1A76D-D79A-4EB9-853E-236B09520E4B}"
	ProjectSection(SolutionItems) = preProject
		Class1.cs = Class1.cs
	EndProjectSection
EndProject
Project("{9A19103F-16F7-4668-BE54-9A1E7A4F7556}") = "login", "..\login\login.csproj", "{8B8F1565-99AB-4B5E-9230-F7BF33CC0675}"
EndProject
Project("{9A19103F-16F7-4668-BE54-9A1E7A4F7556}") = "account", "..\account\account.csproj", "{EA2B3714-9FB0-4068-8276-781237F85DF1}"
EndProject
Project("{FAE04EC0-301F-11D3-BF4B-00C04F79EFBC}") = "home", "..\home\home.csproj", "{BF18F981-CCB8-4B1E-85DA-0B70EAACE90D}"
EndProject
Global
	GlobalSection(SolutionConfigurationPlatforms) = preSolution
		Debug|Any CPU = Debug|Any CPU
		Release|Any CPU = Release|Any CPU
	EndGlobalSection
	GlobalSection(ProjectConfigurationPlatforms) = postSolution
		{9D851A6E-EE95-4AEE-8131-49F9BCF3E211}.Debug|Any CPU.ActiveCfg = Debug|Any CPU
		{9D851A6E-EE95-4AEE-8131-49F9BCF3E211}.Debug|Any CPU.Build.0 = Debug|Any CPU
		{9D851A6E-EE95-4AEE-8131-49F9BCF3E211}.Release|Any CPU.ActiveCfg = Release|Any CPU
		{9D851A6E-EE95-4AEE-8131-49F9BCF3E211}.Release|Any CPU.Build.0 = Release|Any CPU
		{B6231CC7-F282-4F01-92D7-55696C11D385}.Debug|Any CPU.ActiveCfg = Debug|Any CPU
		{B6231CC7-F282-4F01-92D7-55696C11D385}.Debug|Any CPU.Build.0 = Debug|Any CPU
		{B6231CC7-F282-4F01-92D7-55696C11D385}.Release|Any CPU.ActiveCfg = Release|Any CPU
		{B6231CC7-F282-4F01-92D7-55696C11D385}.Release|Any CPU.Build.0 = Release|Any CPU
		{8B8F1565-99AB-4B5E-9230-F7BF33CC0675}.Debug|Any CPU.ActiveCfg = Debug|Any CPU
		{8B8F1565-99AB-4B5E-9230-F7BF33CC0675}.Debug|Any CPU.Build.0 = Debug|Any CPU
		{8B8F1565-99AB-4B5E-9230-F7BF33CC0675}.Release|Any CPU.ActiveCfg = Release|Any CPU
		{8B8F1565-99AB-4B5E-9230-F7BF33CC0675}.Release|Any CPU.Build.0 = Release|Any CPU
		{EA2B3714-9FB0-4068-8276-781237F85DF1}.Debug|Any CPU.ActiveCfg = Debug|Any CPU
		{EA2B3714-9FB0-4068-8276-781237F85DF1}.Debug|Any CPU.Build.0 = Debug|Any CPU
		{EA2B3714-9FB0-4068-8276-781237F85DF1}.Release|Any CPU.ActiveCfg = Release|Any CPU
		{EA2B3714-9FB0-4068-8276-781237F85DF1}.Release|Any CPU.Build.0 = Release|Any CPU
		{BF18F981-CCB8-4B1E-85DA-0B70EAACE90D}.Debug|Any CPU.ActiveCfg = Debug|Any CPU
		{BF18F981-CCB8-4B1E-85DA-0B70EAACE90D}.Debug|Any CPU.Build.0 = Debug|Any CPU
		{BF18F981-CCB8-4B1E-85DA-0B70EAACE90D}.Release|Any CPU.ActiveCfg = Release|Any CPU
		{BF18F981-CCB8-4B1E-85DA-0B70EAACE90D}.Release|Any CPU.Build.0 = Release|Any CPU
	EndGlobalSection
	GlobalSection(SolutionProperties) = preSolution
		HideSolutionNode = FALSE
	EndGlobalSection
	GlobalSection(ExtensibilityGlobals) = postSolution
		SolutionGuid = {CCF32D1E-282D-407C-8995-8A97672A8167}
	EndGlobalSection
EndGlobal
